
Microsoft Visual Studio Solution File, Format Version 12.00
# Visual Studio Version 16
VisualStudioVersion = 16.0.32228.343
MinimumVisualStudioVersion = 10.0.40219.1
Project("{FAE04EC0-301F-11D3-BF4B-00C04F79EFBC}") = "MyIS.HTTP", "MyIS.HTTP\MyIS.HTTP.csproj", "{5F45EFCC-2BC1-4C85-95F2-B9D7720E0DF5}"
EndProject
Project("{FAE04EC0-301F-11D3-BF4B-00C04F79EFBC}") = "MyIS.MvcFramework", "MyIS.MvcFramework\MyIS.MvcFramework.csproj", "{97427FAA-6227-4971-93AE-086C467AC083}"
EndProject
Project("{FAE04EC0-301F-11D3-BF4B-00C04F79EFBC}") = "DemoApp", "DemoApp\DemoApp.csproj", "{E3B499B9-4C72-49B1-9BA6-C725F1A010A4}"
EndProject
Global
	GlobalSection(SolutionConfigurationPlatforms) = preSolution
		Debug|Any CPU = Debug|Any CPU
		Release|Any CPU = Release|Any CPU
	EndGlobalSection
	GlobalSection(ProjectConfigurationPlatforms) = postSolution
		{5F45EFCC-2BC1-4C85-95F2-B9D7720E0DF5}.Debug|Any CPU.ActiveCfg = Debug|Any CPU
		{5F45EFCC-2BC1-4C85-95F2-B9D7720E0DF5}.Debug|Any CPU.Build.0 = Debug|Any CPU
		{5F45EFCC-2BC1-4C85-95F2-B9D7720E0DF5}.Release|Any CPU.ActiveCfg = Release|Any CPU
		{5F45EFCC-2BC1-4C85-95F2-B9D7720E0DF5}.Release|Any CPU.Build.0 = Release|Any CPU
		{97427FAA-6227-4971-93AE-086C467AC083}.Debug|Any CPU.ActiveCfg = Debug|Any CPU
		{97427FAA-6227-4971-93AE-086C467AC083}.Debug|Any CPU.Build.0 = Debug|Any CPU
		{97427FAA-6227-4971-93AE-086C467AC083}.Release|Any CPU.ActiveCfg = Release|Any CPU
		{97427FAA-6227-4971-93AE-086C467AC083}.Release|Any CPU.Build.0 = Release|Any CPU
		{E3B499B9-4C72-49B1-9BA6-C725F1A010A4}.Debug|Any CPU.ActiveCfg = Debug|Any CPU
		{E3B499B9-4C72-49B1-9BA6-C725F1A010A4}.Debug|Any CPU.Build.0 = Debug|Any CPU
		{E3B499B9-4C72-49B1-9BA6-C725F1A010A4}.Release|Any CPU.ActiveCfg = Release|Any CPU
		{E3B499B9-4C72-49B1-9BA6-C725F1A010A4}.Release|Any CPU.Build.0 = Release|Any CPU
	EndGlobalSection
	GlobalSection(SolutionProperties) = preSolution
		HideSolutionNode = FALSE
	EndGlobalSection
	GlobalSection(ExtensibilityGlobals) = postSolution
		SolutionGuid = {67F57310-5D37-4CD4-82EB-A7AAB697ECDC}
	EndGlobalSection
EndGlobal
